
Microsoft Visual Studio Solution File, Format Version 12.00
# Visual Studio Version 17
VisualStudioVersion = 17.8.34302.71
MinimumVisualStudioVersion = 10.0.40219.1
Project("{8BC9CEB8-8B4A-11D0-8D11-00A0C91BC942}") = "QtQQ", "QtQQ.vcxproj", "{B4EF8807-8894-4409-BC35-A9D07CC8D807}"
EndProject
Global
	GlobalSection(SolutionConfigurationPlatforms) = preSolution
		Debug|x64 = Debug|x64
		Release|x64 = Release|x64
	EndGlobalSection
	GlobalSection(ProjectConfigurationPlatforms) = postSolution
		{B4EF8807-8894-4409-BC35-A9D07CC8D807}.Debug|x64.ActiveCfg = Debug|x64
		{B4EF8807-8894-4409-BC35-A9D07CC8D807}.Debug|x64.Build.0 = Debug|x64
		{B4EF8807-8894-4409-BC35-A9D07CC8D807}.Release|x64.ActiveCfg = Release|x64
		{B4EF8807-8894-4409-BC35-A9D07CC8D807}.Release|x64.Build.0 = Release|x64
	EndGlobalSection
	GlobalSection(SolutionProperties) = preSolution
		HideSolutionNode = FALSE
	EndGlobalSection
	GlobalSection(ExtensibilityGlobals) = postSolution
		SolutionGuid = {83B37D36-E8F4-4F73-A5E1-245D2B6BFCE1}
	EndGlobalSection
EndGlobal
